// !$*UTF8*$!
{
	archiveVersion = 1;
	classes = {
	};
	objectVersion = 48;
	objects = {

/* Begin PBXBuildFile section */
		DA04C2A026EAB82B00FDF49B /* SearchDetail.storyboard in Resources */ = {isa = PBXBuildFile; fileRef = DA04C29F26EAB82B00FDF49B /* SearchDetail.storyboard */; };
		DA04C2A826EB00D400FDF49B /* Date+Extension.swift in Sources */ = {isa = PBXBuildFile; fileRef = DA04C2A726EB00D400FDF49B /* Date+Extension.swift */; };
		DA0A81FB26F953ED00BF7684 /* Airports.swift in Sources */ = {isa = PBXBuildFile; fileRef = DA0A81FA26F953ED00BF7684 /* Airports.swift */; };
		DA122B7F27030BBD00E34361 /* RealmManager.swift in Sources */ = {isa = PBXBuildFile; fileRef = DA122B7E27030BBD00E34361 /* RealmManager.swift */; };
		DA1B7983270038DB00EC92B8 /* VenueMapViewController.swift in Sources */ = {isa = PBXBuildFile; fileRef = DA1B7982270038DB00EC92B8 /* VenueMapViewController.swift */; };
		DA1B79852700390600EC92B8 /* VenuesList.storyboard in Resources */ = {isa = PBXBuildFile; fileRef = DA1B79842700390600EC92B8 /* VenuesList.storyboard */; };
		DA1B798727004B3800EC92B8 /* Restaurants.swift in Sources */ = {isa = PBXBuildFile; fileRef = DA1B798627004B3800EC92B8 /* Restaurants.swift */; };
		DA36C627270C9A7900105AF7 /* TreePurchase.swift in Sources */ = {isa = PBXBuildFile; fileRef = DA36C626270C9A7900105AF7 /* TreePurchase.swift */; };
		DA3E884E270DE7F200445B30 /* UIButton+Extension.swift in Sources */ = {isa = PBXBuildFile; fileRef = DA3E884D270DE7F200445B30 /* UIButton+Extension.swift */; };
		DA3E8857270E17B900445B30 /* CarbonOffset.storyboard in Resources */ = {isa = PBXBuildFile; fileRef = DA3E8856270E17B900445B30 /* CarbonOffset.storyboard */; };
		DA3E8859270E1CC600445B30 /* CarbonResultsViewController.swift in Sources */ = {isa = PBXBuildFile; fileRef = DA3E8858270E1CC600445B30 /* CarbonResultsViewController.swift */; };
		DA4AB63D26E3195400C280F3 /* GoogleService-Info.plist in Resources */ = {isa = PBXBuildFile; fileRef = DA4AB63C26E3195400C280F3 /* GoogleService-Info.plist */; };
		DA4AB64926E3420900C280F3 /* UIViewController+Extension.swift in Sources */ = {isa = PBXBuildFile; fileRef = DA4AB64826E3420900C280F3 /* UIViewController+Extension.swift */; };
		DA4AB64D26E4E4D900C280F3 /* SavedCollectionViewCell.swift in Sources */ = {isa = PBXBuildFile; fileRef = DA4AB64C26E4E4D900C280F3 /* SavedCollectionViewCell.swift */; };
		DA4AB64F26E4E66800C280F3 /* SavedPlace.swift in Sources */ = {isa = PBXBuildFile; fileRef = DA4AB64E26E4E66800C280F3 /* SavedPlace.swift */; };
		DA4AB65126E65EFC00C280F3 /* CarbonCalculateViewController.swift in Sources */ = {isa = PBXBuildFile; fileRef = DA4AB65026E65EFC00C280F3 /* CarbonCalculateViewController.swift */; };
		DA4AB65626E67D6200C280F3 /* SearchCell.swift in Sources */ = {isa = PBXBuildFile; fileRef = DA4AB65526E67D6200C280F3 /* SearchCell.swift */; };
		DA4AB66226E703B600C280F3 /* SavedCollectionViewCell.xib in Resources */ = {isa = PBXBuildFile; fileRef = DA4AB66026E703B600C280F3 /* SavedCollectionViewCell.xib */; };
		DA4AB66626E7042100C280F3 /* SearchCell.xib in Resources */ = {isa = PBXBuildFile; fileRef = DA4AB66426E7042100C280F3 /* SearchCell.xib */; };
		DA4AB66A26E7A4F600C280F3 /* AirQ.swift in Sources */ = {isa = PBXBuildFile; fileRef = DA4AB66926E7A4F600C280F3 /* AirQ.swift */; };
		DA4AB66D26E8092700C280F3 /* CityImageCollectionViewCell.swift in Sources */ = {isa = PBXBuildFile; fileRef = DA4AB66B26E8092700C280F3 /* CityImageCollectionViewCell.swift */; };
		DA4AB66E26E8092700C280F3 /* CityImageCollectionViewCell.xib in Resources */ = {isa = PBXBuildFile; fileRef = DA4AB66C26E8092700C280F3 /* CityImageCollectionViewCell.xib */; };
		DA4AB67026E8137100C280F3 /* CityImage.swift in Sources */ = {isa = PBXBuildFile; fileRef = DA4AB66F26E8137100C280F3 /* CityImage.swift */; };
		DA52012B26FAEC4A00E0C591 /* News.swift in Sources */ = {isa = PBXBuildFile; fileRef = DA52012A26FAEC4A00E0C591 /* News.swift */; };
		DA52012E26FB538500E0C591 /* NewsCell.swift in Sources */ = {isa = PBXBuildFile; fileRef = DA52012C26FB538500E0C591 /* NewsCell.swift */; };
		DA52012F26FB538500E0C591 /* NewsCell.xib in Resources */ = {isa = PBXBuildFile; fileRef = DA52012D26FB538500E0C591 /* NewsCell.xib */; };
		DA60A04326DD3AF2004143FC /* AppDelegate.swift in Sources */ = {isa = PBXBuildFile; fileRef = DA60A04226DD3AF2004143FC /* AppDelegate.swift */; };
		DA60A04526DD3AF2004143FC /* SceneDelegate.swift in Sources */ = {isa = PBXBuildFile; fileRef = DA60A04426DD3AF2004143FC /* SceneDelegate.swift */; };
		DA60A04A26DD3AF2004143FC /* Main.storyboard in Resources */ = {isa = PBXBuildFile; fileRef = DA60A04826DD3AF2004143FC /* Main.storyboard */; };
		DA60A04F26DD3AF4004143FC /* Assets.xcassets in Resources */ = {isa = PBXBuildFile; fileRef = DA60A04E26DD3AF4004143FC /* Assets.xcassets */; };
		DA60A05226DD3AF4004143FC /* LaunchScreen.storyboard in Resources */ = {isa = PBXBuildFile; fileRef = DA60A05026DD3AF4004143FC /* LaunchScreen.storyboard */; };
		DA60A07726DD5E89004143FC /* SearchDetailViewController.swift in Sources */ = {isa = PBXBuildFile; fileRef = DA60A07626DD5E89004143FC /* SearchDetailViewController.swift */; };
		DA60A07926DD5E91004143FC /* SearchViewController.swift in Sources */ = {isa = PBXBuildFile; fileRef = DA60A07826DD5E91004143FC /* SearchViewController.swift */; };
		DA60A07B26DD5EBC004143FC /* SavedPlacesViewController.swift in Sources */ = {isa = PBXBuildFile; fileRef = DA60A07A26DD5EBC004143FC /* SavedPlacesViewController.swift */; };
		DA60A07D26DD5EC5004143FC /* NewsViewController.swift in Sources */ = {isa = PBXBuildFile; fileRef = DA60A07C26DD5EC5004143FC /* NewsViewController.swift */; };
		DA60A08C26DD81B7004143FC /* NetworkService.swift in Sources */ = {isa = PBXBuildFile; fileRef = DA60A08B26DD81B7004143FC /* NetworkService.swift */; };
		DA60A08F26DD81F5004143FC /* Constants.swift in Sources */ = {isa = PBXBuildFile; fileRef = DA60A08E26DD81F5004143FC /* Constants.swift */; };
		DA60A09126DD83A2004143FC /* NetworkError.swift in Sources */ = {isa = PBXBuildFile; fileRef = DA60A09026DD83A2004143FC /* NetworkError.swift */; };
		DA61F37A26FA3D8B0000C251 /* UIView+Extension.swift in Sources */ = {isa = PBXBuildFile; fileRef = DA61F37926FA3D8B0000C251 /* UIView+Extension.swift */; };
		DA9E38AB26E115BA006B0CBF /* Endpoints.swift in Sources */ = {isa = PBXBuildFile; fileRef = DA9E38AA26E115BA006B0CBF /* Endpoints.swift */; };
		DAA308EB2707F1580056BCD2 /* VenueAnnotation.swift in Sources */ = {isa = PBXBuildFile; fileRef = DAA308EA2707F1580056BCD2 /* VenueAnnotation.swift */; };
		DAA308ED2708065E0056BCD2 /* MapView+Extension.swift in Sources */ = {isa = PBXBuildFile; fileRef = DAA308EC2708065E0056BCD2 /* MapView+Extension.swift */; };
		DAA84F2026F19E7000CC2CB7 /* FlightOffset.swift in Sources */ = {isa = PBXBuildFile; fileRef = DAA84F1F26F19E7000CC2CB7 /* FlightOffset.swift */; };
		DAA84F2226F19EAE00CC2CB7 /* FlightOffsetRequest.swift in Sources */ = {isa = PBXBuildFile; fileRef = DAA84F2126F19EAE00CC2CB7 /* FlightOffsetRequest.swift */; };
		DAB9CEDD2702320000DD2F99 /* Venue.swift in Sources */ = {isa = PBXBuildFile; fileRef = DAB9CEDC2702320000DD2F99 /* Venue.swift */; };
		DAE3E22D270103B700DBEEBA /* VenueCell.swift in Sources */ = {isa = PBXBuildFile; fileRef = DAE3E22B270103B700DBEEBA /* VenueCell.swift */; };
		DAE3E22E270103B700DBEEBA /* VenueCell.xib in Resources */ = {isa = PBXBuildFile; fileRef = DAE3E22C270103B700DBEEBA /* VenueCell.xib */; };
		DAE50C1226E9471800F67B34 /* PopupImageViewController.swift in Sources */ = {isa = PBXBuildFile; fileRef = DAE50C1126E9471800F67B34 /* PopupImageViewController.swift */; };
		ECEABB09D634278513C19315 /* Pods_nviro.framework in Frameworks */ = {isa = PBXBuildFile; fileRef = 22740893E88884E37FFC855B /* Pods_nviro.framework */; };
/* End PBXBuildFile section */

/* Begin PBXFileReference section */
		22740893E88884E37FFC855B /* Pods_nviro.framework */ = {isa = PBXFileReference; explicitFileType = wrapper.framework; includeInIndex = 0; path = Pods_nviro.framework; sourceTree = BUILT_PRODUCTS_DIR; };
		9C3351F099FA71799190DB18 /* Pods-nviro.debug.xcconfig */ = {isa = PBXFileReference; includeInIndex = 1; lastKnownFileType = text.xcconfig; name = "Pods-nviro.debug.xcconfig"; path = "Target Support Files/Pods-nviro/Pods-nviro.debug.xcconfig"; sourceTree = "<group>"; };
		DA04C29F26EAB82B00FDF49B /* SearchDetail.storyboard */ = {isa = PBXFileReference; fileEncoding = 4; lastKnownFileType = file.storyboard; path = SearchDetail.storyboard; sourceTree = "<group>"; };
		DA04C2A726EB00D400FDF49B /* Date+Extension.swift */ = {isa = PBXFileReference; lastKnownFileType = sourcecode.swift; path = "Date+Extension.swift"; sourceTree = "<group>"; };
		DA0A81FA26F953ED00BF7684 /* Airports.swift */ = {isa = PBXFileReference; lastKnownFileType = sourcecode.swift; path = Airports.swift; sourceTree = "<group>"; };
		DA122B7E27030BBD00E34361 /* RealmManager.swift */ = {isa = PBXFileReference; fileEncoding = 4; lastKnownFileType = sourcecode.swift; path = RealmManager.swift; sourceTree = "<group>"; };
		DA1B7982270038DB00EC92B8 /* VenueMapViewController.swift */ = {isa = PBXFileReference; lastKnownFileType = sourcecode.swift; path = VenueMapViewController.swift; sourceTree = "<group>"; };
		DA1B79842700390600EC92B8 /* VenuesList.storyboard */ = {isa = PBXFileReference; lastKnownFileType = file.storyboard; path = VenuesList.storyboard; sourceTree = "<group>"; };
		DA1B798627004B3800EC92B8 /* Restaurants.swift */ = {isa = PBXFileReference; lastKnownFileType = sourcecode.swift; path = Restaurants.swift; sourceTree = "<group>"; };
		DA36C626270C9A7900105AF7 /* TreePurchase.swift */ = {isa = PBXFileReference; lastKnownFileType = sourcecode.swift; path = TreePurchase.swift; sourceTree = "<group>"; };
		DA3E884D270DE7F200445B30 /* UIButton+Extension.swift */ = {isa = PBXFileReference; lastKnownFileType = sourcecode.swift; path = "UIButton+Extension.swift"; sourceTree = "<group>"; };
		DA3E8856270E17B900445B30 /* CarbonOffset.storyboard */ = {isa = PBXFileReference; fileEncoding = 4; lastKnownFileType = file.storyboard; path = CarbonOffset.storyboard; sourceTree = SOURCE_ROOT; };
		DA3E8858270E1CC600445B30 /* CarbonResultsViewController.swift */ = {isa = PBXFileReference; lastKnownFileType = sourcecode.swift; path = CarbonResultsViewController.swift; sourceTree = "<group>"; };
		DA4AB63C26E3195400C280F3 /* GoogleService-Info.plist */ = {isa = PBXFileReference; fileEncoding = 4; lastKnownFileType = text.plist.xml; path = "GoogleService-Info.plist"; sourceTree = "<group>"; };
		DA4AB64826E3420900C280F3 /* UIViewController+Extension.swift */ = {isa = PBXFileReference; lastKnownFileType = sourcecode.swift; path = "UIViewController+Extension.swift"; sourceTree = "<group>"; };
		DA4AB64C26E4E4D900C280F3 /* SavedCollectionViewCell.swift */ = {isa = PBXFileReference; lastKnownFileType = sourcecode.swift; path = SavedCollectionViewCell.swift; sourceTree = "<group>"; };
		DA4AB64E26E4E66800C280F3 /* SavedPlace.swift */ = {isa = PBXFileReference; lastKnownFileType = sourcecode.swift; path = SavedPlace.swift; sourceTree = "<group>"; };
		DA4AB65026E65EFC00C280F3 /* CarbonCalculateViewController.swift */ = {isa = PBXFileReference; lastKnownFileType = sourcecode.swift; path = CarbonCalculateViewController.swift; sourceTree = "<group>"; };
		DA4AB65526E67D6200C280F3 /* SearchCell.swift */ = {isa = PBXFileReference; lastKnownFileType = sourcecode.swift; path = SearchCell.swift; sourceTree = "<group>"; };
		DA4AB66026E703B600C280F3 /* SavedCollectionViewCell.xib */ = {isa = PBXFileReference; lastKnownFileType = file.xib; path = SavedCollectionViewCell.xib; sourceTree = "<group>"; };
		DA4AB66426E7042100C280F3 /* SearchCell.xib */ = {isa = PBXFileReference; lastKnownFileType = file.xib; path = SearchCell.xib; sourceTree = "<group>"; };
		DA4AB66926E7A4F600C280F3 /* AirQ.swift */ = {isa = PBXFileReference; lastKnownFileType = sourcecode.swift; path = AirQ.swift; sourceTree = "<group>"; };
		DA4AB66B26E8092700C280F3 /* CityImageCollectionViewCell.swift */ = {isa = PBXFileReference; lastKnownFileType = sourcecode.swift; path = CityImageCollectionViewCell.swift; sourceTree = "<group>"; };
		DA4AB66C26E8092700C280F3 /* CityImageCollectionViewCell.xib */ = {isa = PBXFileReference; lastKnownFileType = file.xib; path = CityImageCollectionViewCell.xib; sourceTree = "<group>"; };
		DA4AB66F26E8137100C280F3 /* CityImage.swift */ = {isa = PBXFileReference; lastKnownFileType = sourcecode.swift; path = CityImage.swift; sourceTree = "<group>"; };
		DA52012A26FAEC4A00E0C591 /* News.swift */ = {isa = PBXFileReference; lastKnownFileType = sourcecode.swift; path = News.swift; sourceTree = "<group>"; };
		DA52012C26FB538500E0C591 /* NewsCell.swift */ = {isa = PBXFileReference; lastKnownFileType = sourcecode.swift; path = NewsCell.swift; sourceTree = "<group>"; };
		DA52012D26FB538500E0C591 /* NewsCell.xib */ = {isa = PBXFileReference; lastKnownFileType = file.xib; path = NewsCell.xib; sourceTree = "<group>"; };
		DA60A03F26DD3AF2004143FC /* nviro.app */ = {isa = PBXFileReference; explicitFileType = wrapper.application; includeInIndex = 0; path = nviro.app; sourceTree = BUILT_PRODUCTS_DIR; };
		DA60A04226DD3AF2004143FC /* AppDelegate.swift */ = {isa = PBXFileReference; lastKnownFileType = sourcecode.swift; path = AppDelegate.swift; sourceTree = "<group>"; };
		DA60A04426DD3AF2004143FC /* SceneDelegate.swift */ = {isa = PBXFileReference; lastKnownFileType = sourcecode.swift; path = SceneDelegate.swift; sourceTree = "<group>"; };
		DA60A04926DD3AF2004143FC /* Base */ = {isa = PBXFileReference; lastKnownFileType = file.storyboard; name = Base; path = Base.lproj/Main.storyboard; sourceTree = "<group>"; };
		DA60A04E26DD3AF4004143FC /* Assets.xcassets */ = {isa = PBXFileReference; lastKnownFileType = folder.assetcatalog; path = Assets.xcassets; sourceTree = "<group>"; };
		DA60A05126DD3AF4004143FC /* Base */ = {isa = PBXFileReference; lastKnownFileType = file.storyboard; name = Base; path = Base.lproj/LaunchScreen.storyboard; sourceTree = "<group>"; };
		DA60A05326DD3AF4004143FC /* Info.plist */ = {isa = PBXFileReference; lastKnownFileType = text.plist.xml; path = Info.plist; sourceTree = "<group>"; };
		DA60A07626DD5E89004143FC /* SearchDetailViewController.swift */ = {isa = PBXFileReference; lastKnownFileType = sourcecode.swift; path = SearchDetailViewController.swift; sourceTree = "<group>"; };
		DA60A07826DD5E91004143FC /* SearchViewController.swift */ = {isa = PBXFileReference; lastKnownFileType = sourcecode.swift; path = SearchViewController.swift; sourceTree = "<group>"; };
		DA60A07A26DD5EBC004143FC /* SavedPlacesViewController.swift */ = {isa = PBXFileReference; lastKnownFileType = sourcecode.swift; path = SavedPlacesViewController.swift; sourceTree = "<group>"; };
		DA60A07C26DD5EC5004143FC /* NewsViewController.swift */ = {isa = PBXFileReference; lastKnownFileType = sourcecode.swift; path = NewsViewController.swift; sourceTree = "<group>"; };
		DA60A08B26DD81B7004143FC /* NetworkService.swift */ = {isa = PBXFileReference; lastKnownFileType = sourcecode.swift; path = NetworkService.swift; sourceTree = "<group>"; wrapsLines = 0; };
		DA60A08E26DD81F5004143FC /* Constants.swift */ = {isa = PBXFileReference; lastKnownFileType = sourcecode.swift; path = Constants.swift; sourceTree = "<group>"; };
		DA60A09026DD83A2004143FC /* NetworkError.swift */ = {isa = PBXFileReference; lastKnownFileType = sourcecode.swift; path = NetworkError.swift; sourceTree = "<group>"; };
		DA61F37926FA3D8B0000C251 /* UIView+Extension.swift */ = {isa = PBXFileReference; lastKnownFileType = sourcecode.swift; path = "UIView+Extension.swift"; sourceTree = "<group>"; };
		DA9E38AA26E115BA006B0CBF /* Endpoints.swift */ = {isa = PBXFileReference; lastKnownFileType = sourcecode.swift; path = Endpoints.swift; sourceTree = "<group>"; };
		DAA308EA2707F1580056BCD2 /* VenueAnnotation.swift */ = {isa = PBXFileReference; lastKnownFileType = sourcecode.swift; path = VenueAnnotation.swift; sourceTree = "<group>"; };
		DAA308EC2708065E0056BCD2 /* MapView+Extension.swift */ = {isa = PBXFileReference; lastKnownFileType = sourcecode.swift; path = "MapView+Extension.swift"; sourceTree = "<group>"; };
		DAA84F1F26F19E7000CC2CB7 /* FlightOffset.swift */ = {isa = PBXFileReference; lastKnownFileType = sourcecode.swift; path = FlightOffset.swift; sourceTree = "<group>"; };
		DAA84F2126F19EAE00CC2CB7 /* FlightOffsetRequest.swift */ = {isa = PBXFileReference; lastKnownFileType = sourcecode.swift; path = FlightOffsetRequest.swift; sourceTree = "<group>"; };
		DAB9CEDC2702320000DD2F99 /* Venue.swift */ = {isa = PBXFileReference; lastKnownFileType = sourcecode.swift; path = Venue.swift; sourceTree = "<group>"; };
		DAE3E22B270103B700DBEEBA /* VenueCell.swift */ = {isa = PBXFileReference; lastKnownFileType = sourcecode.swift; path = VenueCell.swift; sourceTree = "<group>"; };
		DAE3E22C270103B700DBEEBA /* VenueCell.xib */ = {isa = PBXFileReference; lastKnownFileType = file.xib; path = VenueCell.xib; sourceTree = "<group>"; };
		DAE50C1126E9471800F67B34 /* PopupImageViewController.swift */ = {isa = PBXFileReference; lastKnownFileType = sourcecode.swift; path = PopupImageViewController.swift; sourceTree = "<group>"; };
		F6D267ED33D9D4C2B473FCF1 /* Pods-nviro.release.xcconfig */ = {isa = PBXFileReference; includeInIndex = 1; lastKnownFileType = text.xcconfig; name = "Pods-nviro.release.xcconfig"; path = "Target Support Files/Pods-nviro/Pods-nviro.release.xcconfig"; sourceTree = "<group>"; };
/* End PBXFileReference section */

/* Begin PBXFrameworksBuildPhase section */
		DA60A03C26DD3AF2004143FC /* Frameworks */ = {
			isa = PBXFrameworksBuildPhase;
			buildActionMask = 2147483647;
			files = (
				ECEABB09D634278513C19315 /* Pods_nviro.framework in Frameworks */,
			);
			runOnlyForDeploymentPostprocessing = 0;
		};
/* End PBXFrameworksBuildPhase section */

/* Begin PBXGroup section */
		6FB6E546FE38E4DA39B1A632 /* Frameworks */ = {
			isa = PBXGroup;
			children = (
				22740893E88884E37FFC855B /* Pods_nviro.framework */,
			);
			name = Frameworks;
			sourceTree = "<group>";
		};
		7D65D1E0092D82745825CD76 /* Pods */ = {
			isa = PBXGroup;
			children = (
				9C3351F099FA71799190DB18 /* Pods-nviro.debug.xcconfig */,
				F6D267ED33D9D4C2B473FCF1 /* Pods-nviro.release.xcconfig */,
			);
			path = Pods;
			sourceTree = "<group>";
		};
		DA1B7981270038C100EC92B8 /* RestaurantsListViewController */ = {
			isa = PBXGroup;
			children = (
				DA1B7982270038DB00EC92B8 /* VenueMapViewController.swift */,
			);
			path = RestaurantsListViewController;
			sourceTree = "<group>";
		};
		DA4AB63E26E33B9800C280F3 /* Modules */ = {
			isa = PBXGroup;
			children = (
				DA4AB64026E33BB100C280F3 /* Search */,
				DA61F37626F9A7420000C251 /* CarbonOffset */,
				DA4AB64126E33BB900C280F3 /* Saved */,
				DA1B7981270038C100EC92B8 /* RestaurantsListViewController */,
				DA4AB64226E33BBF00C280F3 /* News */,
			);
			path = Modules;
			sourceTree = "<group>";
		};
		DA4AB64026E33BB100C280F3 /* Search */ = {
			isa = PBXGroup;
			children = (
				DAE50C1126E9471800F67B34 /* PopupImageViewController.swift */,
				DA60A07626DD5E89004143FC /* SearchDetailViewController.swift */,
				DA60A07826DD5E91004143FC /* SearchViewController.swift */,
			);
			path = Search;
			sourceTree = "<group>";
		};
		DA4AB64126E33BB900C280F3 /* Saved */ = {
			isa = PBXGroup;
			children = (
				DA60A07A26DD5EBC004143FC /* SavedPlacesViewController.swift */,
			);
			path = Saved;
			sourceTree = "<group>";
		};
		DA4AB64226E33BBF00C280F3 /* News */ = {
			isa = PBXGroup;
			children = (
				DA60A07C26DD5EC5004143FC /* NewsViewController.swift */,
			);
			path = News;
			sourceTree = "<group>";
		};
		DA4AB64426E33C0800C280F3 /* Services */ = {
			isa = PBXGroup;
			children = (
				DA122B7E27030BBD00E34361 /* RealmManager.swift */,
				DA60A08B26DD81B7004143FC /* NetworkService.swift */,
			);
			path = Services;
			sourceTree = "<group>";
		};
		DA4AB65426E67D3100C280F3 /* CustomViews */ = {
			isa = PBXGroup;
			children = (
				DA4AB66826E708FF00C280F3 /* TableViewCells */,
				DA4AB66726E708F300C280F3 /* CollectionViewCells */,
			);
			path = CustomViews;
			sourceTree = "<group>";
		};
		DA4AB65726E6FC1000C280F3 /* ResponseModels */ = {
			isa = PBXGroup;
			children = (
				DA4AB66926E7A4F600C280F3 /* AirQ.swift */,
				DA4AB66F26E8137100C280F3 /* CityImage.swift */,
				DAA84F1F26F19E7000CC2CB7 /* FlightOffset.swift */,
				DA0A81FA26F953ED00BF7684 /* Airports.swift */,
				DA52012A26FAEC4A00E0C591 /* News.swift */,
				DA1B798627004B3800EC92B8 /* Restaurants.swift */,
				DAB9CEDC2702320000DD2F99 /* Venue.swift */,
				DA36C626270C9A7900105AF7 /* TreePurchase.swift */,
			);
			path = ResponseModels;
			sourceTree = "<group>";
		};
		DA4AB65826E6FC3200C280F3 /* RequestModels */ = {
			isa = PBXGroup;
			children = (
				DAA84F2126F19EAE00CC2CB7 /* FlightOffsetRequest.swift */,
			);
			path = RequestModels;
			sourceTree = "<group>";
		};
		DA4AB66726E708F300C280F3 /* CollectionViewCells */ = {
			isa = PBXGroup;
			children = (
				DA4AB66B26E8092700C280F3 /* CityImageCollectionViewCell.swift */,
				DA4AB64C26E4E4D900C280F3 /* SavedCollectionViewCell.swift */,
				DA4AB66C26E8092700C280F3 /* CityImageCollectionViewCell.xib */,
				DA4AB66026E703B600C280F3 /* SavedCollectionViewCell.xib */,
			);
			path = CollectionViewCells;
			sourceTree = "<group>";
		};
		DA4AB66826E708FF00C280F3 /* TableViewCells */ = {
			isa = PBXGroup;
			children = (
				DA52012C26FB538500E0C591 /* NewsCell.swift */,
				DAE3E22B270103B700DBEEBA /* VenueCell.swift */,
				DA4AB65526E67D6200C280F3 /* SearchCell.swift */,
				DA52012D26FB538500E0C591 /* NewsCell.xib */,
				DAE3E22C270103B700DBEEBA /* VenueCell.xib */,
				DA4AB66426E7042100C280F3 /* SearchCell.xib */,
			);
			path = TableViewCells;
			sourceTree = "<group>";
		};
		DA60A03626DD3AF2004143FC = {
			isa = PBXGroup;
			children = (
				DA60A04126DD3AF2004143FC /* nviro */,
				DA60A04026DD3AF2004143FC /* Products */,
				7D65D1E0092D82745825CD76 /* Pods */,
				6FB6E546FE38E4DA39B1A632 /* Frameworks */,
			);
			sourceTree = "<group>";
		};
		DA60A04026DD3AF2004143FC /* Products */ = {
			isa = PBXGroup;
			children = (
				DA60A03F26DD3AF2004143FC /* nviro.app */,
			);
			name = Products;
			sourceTree = "<group>";
		};
		DA60A04126DD3AF2004143FC /* nviro */ = {
			isa = PBXGroup;
			children = (
				DA60A05D26DD3B39004143FC /* Models */,
				DA4AB63E26E33B9800C280F3 /* Modules */,
				DA60A05B26DD3B21004143FC /* Views */,
				DA4AB64426E33C0800C280F3 /* Services */,
				DA60A08D26DD81EC004143FC /* Helpers+Extensions */,
				DA60A05926DD3B04004143FC /* Resources */,
			);
			path = nviro;
			sourceTree = "<group>";
		};
		DA60A05926DD3B04004143FC /* Resources */ = {
			isa = PBXGroup;
			children = (
				DA60A04226DD3AF2004143FC /* AppDelegate.swift */,
				DA60A04426DD3AF2004143FC /* SceneDelegate.swift */,
				DA60A04E26DD3AF4004143FC /* Assets.xcassets */,
				DA4AB63C26E3195400C280F3 /* GoogleService-Info.plist */,
				DA60A05326DD3AF4004143FC /* Info.plist */,
			);
			path = Resources;
			sourceTree = "<group>";
		};
		DA60A05B26DD3B21004143FC /* Views */ = {
			isa = PBXGroup;
			children = (
				DA4AB65426E67D3100C280F3 /* CustomViews */,
				DA60A05C26DD3B26004143FC /* Storyboards */,
			);
			path = Views;
			sourceTree = "<group>";
		};
		DA60A05C26DD3B26004143FC /* Storyboards */ = {
			isa = PBXGroup;
			children = (
				DA60A05026DD3AF4004143FC /* LaunchScreen.storyboard */,
				DA60A04826DD3AF2004143FC /* Main.storyboard */,
				DA04C29F26EAB82B00FDF49B /* SearchDetail.storyboard */,
				DA3E8856270E17B900445B30 /* CarbonOffset.storyboard */,
				DA1B79842700390600EC92B8 /* VenuesList.storyboard */,
			);
			path = Storyboards;
			sourceTree = "<group>";
		};
		DA60A05D26DD3B39004143FC /* Models */ = {
			isa = PBXGroup;
			children = (
				DA9E38B126E19224006B0CBF /* MainModels */,
				DA9E38B026E19216006B0CBF /* NetworkModels */,
			);
			path = Models;
			sourceTree = "<group>";
		};
		DA60A08D26DD81EC004143FC /* Helpers+Extensions */ = {
			isa = PBXGroup;
			children = (
				DA60A08E26DD81F5004143FC /* Constants.swift */,
				DA60A09026DD83A2004143FC /* NetworkError.swift */,
				DA9E38AA26E115BA006B0CBF /* Endpoints.swift */,
				DA04C2A726EB00D400FDF49B /* Date+Extension.swift */,
				DA4AB64826E3420900C280F3 /* UIViewController+Extension.swift */,
				DA61F37926FA3D8B0000C251 /* UIView+Extension.swift */,
				DAA308EC2708065E0056BCD2 /* MapView+Extension.swift */,
				DA3E884D270DE7F200445B30 /* UIButton+Extension.swift */,
			);
			path = "Helpers+Extensions";
			sourceTree = "<group>";
		};
		DA61F37626F9A7420000C251 /* CarbonOffset */ = {
			isa = PBXGroup;
			children = (
				DA4AB65026E65EFC00C280F3 /* CarbonCalculateViewController.swift */,
				DA3E8858270E1CC600445B30 /* CarbonResultsViewController.swift */,
			);
			path = CarbonOffset;
			sourceTree = "<group>";
		};
		DA9E38B026E19216006B0CBF /* NetworkModels */ = {
			isa = PBXGroup;
			children = (
				DA4AB65826E6FC3200C280F3 /* RequestModels */,
				DA4AB65726E6FC1000C280F3 /* ResponseModels */,
			);
			path = NetworkModels;
			sourceTree = "<group>";
		};
		DA9E38B126E19224006B0CBF /* MainModels */ = {
			isa = PBXGroup;
			children = (
				DA4AB64E26E4E66800C280F3 /* SavedPlace.swift */,
				DAA308EA2707F1580056BCD2 /* VenueAnnotation.swift */,
			);
			path = MainModels;
			sourceTree = "<group>";
		};
/* End PBXGroup section */

/* Begin PBXNativeTarget section */
		DA60A03E26DD3AF2004143FC /* nviro */ = {
			isa = PBXNativeTarget;
			buildConfigurationList = DA60A05626DD3AF4004143FC /* Build configuration list for PBXNativeTarget "nviro" */;
			buildPhases = (
				A0C3B422BA318A2FD93F34ED /* [CP] Check Pods Manifest.lock */,
				DA60A03B26DD3AF2004143FC /* Sources */,
				DA60A03C26DD3AF2004143FC /* Frameworks */,
				DA60A03D26DD3AF2004143FC /* Resources */,
				CA41D0C0AFAA4640581F20BB /* [CP] Embed Pods Frameworks */,
			);
			buildRules = (
			);
			dependencies = (
			);
			name = nviro;
			productName = nviro;
			productReference = DA60A03F26DD3AF2004143FC /* nviro.app */;
			productType = "com.apple.product-type.application";
		};
/* End PBXNativeTarget section */

/* Begin PBXProject section */
		DA60A03726DD3AF2004143FC /* Project object */ = {
			isa = PBXProject;
			attributes = {
				LastSwiftUpdateCheck = 1250;
				LastUpgradeCheck = 1250;
				TargetAttributes = {
					DA60A03E26DD3AF2004143FC = {
						CreatedOnToolsVersion = 12.5.1;
						ProvisioningStyle = Automatic;
					};
				};
			};
			buildConfigurationList = DA60A03A26DD3AF2004143FC /* Build configuration list for PBXProject "nviro" */;
			compatibilityVersion = "Xcode 8.0";
			developmentRegion = en;
			hasScannedForEncodings = 0;
			knownRegions = (
				en,
				Base,
			);
			mainGroup = DA60A03626DD3AF2004143FC;
			productRefGroup = DA60A04026DD3AF2004143FC /* Products */;
			projectDirPath = "";
			projectRoot = "";
			targets = (
				DA60A03E26DD3AF2004143FC /* nviro */,
			);
		};
/* End PBXProject section */

/* Begin PBXResourcesBuildPhase section */
		DA60A03D26DD3AF2004143FC /* Resources */ = {
			isa = PBXResourcesBuildPhase;
			buildActionMask = 2147483647;
			files = (
				DA60A05226DD3AF4004143FC /* LaunchScreen.storyboard in Resources */,
				DA04C2A026EAB82B00FDF49B /* SearchDetail.storyboard in Resources */,
				DA60A04F26DD3AF4004143FC /* Assets.xcassets in Resources */,
				DA4AB66226E703B600C280F3 /* SavedCollectionViewCell.xib in Resources */,
				DA52012F26FB538500E0C591 /* NewsCell.xib in Resources */,
				DAE3E22E270103B700DBEEBA /* VenueCell.xib in Resources */,
				DA60A04A26DD3AF2004143FC /* Main.storyboard in Resources */,
				DA4AB63D26E3195400C280F3 /* GoogleService-Info.plist in Resources */,
				DA1B79852700390600EC92B8 /* VenuesList.storyboard in Resources */,
				DA4AB66E26E8092700C280F3 /* CityImageCollectionViewCell.xib in Resources */,
				DA3E8857270E17B900445B30 /* CarbonOffset.storyboard in Resources */,
				DA4AB66626E7042100C280F3 /* SearchCell.xib in Resources */,
			);
			runOnlyForDeploymentPostprocessing = 0;
		};
/* End PBXResourcesBuildPhase section */

/* Begin PBXShellScriptBuildPhase section */
		A0C3B422BA318A2FD93F34ED /* [CP] Check Pods Manifest.lock */ = {
			isa = PBXShellScriptBuildPhase;
			buildActionMask = 2147483647;
			files = (
			);
			inputFileListPaths = (
			);
			inputPaths = (
				"${PODS_PODFILE_DIR_PATH}/Podfile.lock",
				"${PODS_ROOT}/Manifest.lock",
			);
			name = "[CP] Check Pods Manifest.lock";
			outputFileListPaths = (
			);
			outputPaths = (
				"$(DERIVED_FILE_DIR)/Pods-nviro-checkManifestLockResult.txt",
			);
			runOnlyForDeploymentPostprocessing = 0;
			shellPath = /bin/sh;
			shellScript = "diff \"${PODS_PODFILE_DIR_PATH}/Podfile.lock\" \"${PODS_ROOT}/Manifest.lock\" > /dev/null\nif [ $? != 0 ] ; then\n    # print error to STDERR\n    echo \"error: The sandbox is not in sync with the Podfile.lock. Run 'pod install' or update your CocoaPods installation.\" >&2\n    exit 1\nfi\n# This output is used by Xcode 'outputs' to avoid re-running this script phase.\necho \"SUCCESS\" > \"${SCRIPT_OUTPUT_FILE_0}\"\n";
			showEnvVarsInLog = 0;
		};
		CA41D0C0AFAA4640581F20BB /* [CP] Embed Pods Frameworks */ = {
			isa = PBXShellScriptBuildPhase;
			buildActionMask = 2147483647;
			files = (
			);
			inputPaths = (
				"${PODS_ROOT}/Target Support Files/Pods-nviro/Pods-nviro-frameworks.sh",
				"${BUILT_PRODUCTS_DIR}/Realm/Realm.framework",
				"${BUILT_PRODUCTS_DIR}/RealmSwift/RealmSwift.framework",
			);
			name = "[CP] Embed Pods Frameworks";
			outputPaths = (
				"${TARGET_BUILD_DIR}/${FRAMEWORKS_FOLDER_PATH}/Realm.framework",
				"${TARGET_BUILD_DIR}/${FRAMEWORKS_FOLDER_PATH}/RealmSwift.framework",
			);
			runOnlyForDeploymentPostprocessing = 0;
			shellPath = /bin/sh;
			shellScript = "\"${PODS_ROOT}/Target Support Files/Pods-nviro/Pods-nviro-frameworks.sh\"\n";
			showEnvVarsInLog = 0;
		};
/* End PBXShellScriptBuildPhase section */

/* Begin PBXSourcesBuildPhase section */
		DA60A03B26DD3AF2004143FC /* Sources */ = {
			isa = PBXSourcesBuildPhase;
			buildActionMask = 2147483647;
			files = (
				DA60A09126DD83A2004143FC /* NetworkError.swift in Sources */,
				DAB9CEDD2702320000DD2F99 /* Venue.swift in Sources */,
				DA36C627270C9A7900105AF7 /* TreePurchase.swift in Sources */,
				DA4AB64D26E4E4D900C280F3 /* SavedCollectionViewCell.swift in Sources */,
				DAA308ED2708065E0056BCD2 /* MapView+Extension.swift in Sources */,
				DA60A07926DD5E91004143FC /* SearchViewController.swift in Sources */,
				DA60A07B26DD5EBC004143FC /* SavedPlacesViewController.swift in Sources */,
				DA52012E26FB538500E0C591 /* NewsCell.swift in Sources */,
				DAA84F2026F19E7000CC2CB7 /* FlightOffset.swift in Sources */,
				DA4AB66D26E8092700C280F3 /* CityImageCollectionViewCell.swift in Sources */,
				DA1B7983270038DB00EC92B8 /* VenueMapViewController.swift in Sources */,
				DA4AB65626E67D6200C280F3 /* SearchCell.swift in Sources */,
				DA60A04326DD3AF2004143FC /* AppDelegate.swift in Sources */,
				DA3E884E270DE7F200445B30 /* UIButton+Extension.swift in Sources */,
				DA4AB67026E8137100C280F3 /* CityImage.swift in Sources */,
				DA60A08F26DD81F5004143FC /* Constants.swift in Sources */,
				DA4AB65126E65EFC00C280F3 /* CarbonCalculateViewController.swift in Sources */,
				DAA308EB2707F1580056BCD2 /* VenueAnnotation.swift in Sources */,
				DA60A07726DD5E89004143FC /* SearchDetailViewController.swift in Sources */,
				DA0A81FB26F953ED00BF7684 /* Airports.swift in Sources */,
				DA4AB64F26E4E66800C280F3 /* SavedPlace.swift in Sources */,
				DA60A04526DD3AF2004143FC /* SceneDelegate.swift in Sources */,
				DA4AB64926E3420900C280F3 /* UIViewController+Extension.swift in Sources */,
				DA60A07D26DD5EC5004143FC /* NewsViewController.swift in Sources */,
				DA60A08C26DD81B7004143FC /* NetworkService.swift in Sources */,
				DA1B798727004B3800EC92B8 /* Restaurants.swift in Sources */,
				DA3E8859270E1CC600445B30 /* CarbonResultsViewController.swift in Sources */,
				DA52012B26FAEC4A00E0C591 /* News.swift in Sources */,
				DA9E38AB26E115BA006B0CBF /* Endpoints.swift in Sources */,
				DA04C2A826EB00D400FDF49B /* Date+Extension.swift in Sources */,
				DA122B7F27030BBD00E34361 /* RealmManager.swift in Sources */,
				DA4AB66A26E7A4F600C280F3 /* AirQ.swift in Sources */,
				DAE50C1226E9471800F67B34 /* PopupImageViewController.swift in Sources */,
				DA61F37A26FA3D8B0000C251 /* UIView+Extension.swift in Sources */,
				DAE3E22D270103B700DBEEBA /* VenueCell.swift in Sources */,
				DAA84F2226F19EAE00CC2CB7 /* FlightOffsetRequest.swift in Sources */,
			);
			runOnlyForDeploymentPostprocessing = 0;
		};
/* End PBXSourcesBuildPhase section */

/* Begin PBXVariantGroup section */
		DA60A04826DD3AF2004143FC /* Main.storyboard */ = {
			isa = PBXVariantGroup;
			children = (
				DA60A04926DD3AF2004143FC /* Base */,
			);
			name = Main.storyboard;
			sourceTree = "<group>";
		};
		DA60A05026DD3AF4004143FC /* LaunchScreen.storyboard */ = {
			isa = PBXVariantGroup;
			children = (
				DA60A05126DD3AF4004143FC /* Base */,
			);
			name = LaunchScreen.storyboard;
			sourceTree = "<group>";
		};
/* End PBXVariantGroup section */

/* Begin XCBuildConfiguration section */
		DA60A05426DD3AF4004143FC /* Debug */ = {
			isa = XCBuildConfiguration;
			buildSettings = {
				ALWAYS_SEARCH_USER_PATHS = NO;
				CLANG_ANALYZER_NONNULL = YES;
				CLANG_ANALYZER_NUMBER_OBJECT_CONVERSION = YES_AGGRESSIVE;
				CLANG_CXX_LANGUAGE_STANDARD = "gnu++14";
				CLANG_CXX_LIBRARY = "libc++";
				CLANG_ENABLE_MODULES = YES;
				CLANG_ENABLE_OBJC_ARC = YES;
				CLANG_ENABLE_OBJC_WEAK = YES;
				CLANG_WARN_BLOCK_CAPTURE_AUTORELEASING = YES;
				CLANG_WARN_BOOL_CONVERSION = YES;
				CLANG_WARN_COMMA = YES;
				CLANG_WARN_CONSTANT_CONVERSION = YES;
				CLANG_WARN_DEPRECATED_OBJC_IMPLEMENTATIONS = YES;
				CLANG_WARN_DIRECT_OBJC_ISA_USAGE = YES_ERROR;
				CLANG_WARN_DOCUMENTATION_COMMENTS = YES;
				CLANG_WARN_EMPTY_BODY = YES;
				CLANG_WARN_ENUM_CONVERSION = YES;
				CLANG_WARN_INFINITE_RECURSION = YES;
				CLANG_WARN_INT_CONVERSION = YES;
				CLANG_WARN_NON_LITERAL_NULL_CONVERSION = YES;
				CLANG_WARN_OBJC_IMPLICIT_RETAIN_SELF = YES;
				CLANG_WARN_OBJC_LITERAL_CONVERSION = YES;
				CLANG_WARN_OBJC_ROOT_CLASS = YES_ERROR;
				CLANG_WARN_QUOTED_INCLUDE_IN_FRAMEWORK_HEADER = YES;
				CLANG_WARN_RANGE_LOOP_ANALYSIS = YES;
				CLANG_WARN_STRICT_PROTOTYPES = YES;
				CLANG_WARN_SUSPICIOUS_MOVE = YES;
				CLANG_WARN_UNGUARDED_AVAILABILITY = YES_AGGRESSIVE;
				CLANG_WARN_UNREACHABLE_CODE = YES;
				CLANG_WARN__DUPLICATE_METHOD_MATCH = YES;
				COPY_PHASE_STRIP = NO;
				DEBUG_INFORMATION_FORMAT = dwarf;
				ENABLE_STRICT_OBJC_MSGSEND = YES;
				ENABLE_TESTABILITY = YES;
				GCC_C_LANGUAGE_STANDARD = gnu11;
				GCC_DYNAMIC_NO_PIC = NO;
				GCC_NO_COMMON_BLOCKS = YES;
				GCC_OPTIMIZATION_LEVEL = 0;
				GCC_PREPROCESSOR_DEFINITIONS = (
					"DEBUG=1",
					"$(inherited)",
				);
				GCC_WARN_64_TO_32_BIT_CONVERSION = YES;
				GCC_WARN_ABOUT_RETURN_TYPE = YES_ERROR;
				GCC_WARN_UNDECLARED_SELECTOR = YES;
				GCC_WARN_UNINITIALIZED_AUTOS = YES_AGGRESSIVE;
				GCC_WARN_UNUSED_FUNCTION = YES;
				GCC_WARN_UNUSED_VARIABLE = YES;
				IPHONEOS_DEPLOYMENT_TARGET = 12.0;
				MTL_ENABLE_DEBUG_INFO = INCLUDE_SOURCE;
				MTL_FAST_MATH = YES;
				ONLY_ACTIVE_ARCH = YES;
				SDKROOT = iphoneos;
				SWIFT_ACTIVE_COMPILATION_CONDITIONS = DEBUG;
				SWIFT_OPTIMIZATION_LEVEL = "-Onone";
			};
			name = Debug;
		};
		DA60A05526DD3AF4004143FC /* Release */ = {
			isa = XCBuildConfiguration;
			buildSettings = {
				ALWAYS_SEARCH_USER_PATHS = NO;
				CLANG_ANALYZER_NONNULL = YES;
				CLANG_ANALYZER_NUMBER_OBJECT_CONVERSION = YES_AGGRESSIVE;
				CLANG_CXX_LANGUAGE_STANDARD = "gnu++14";
				CLANG_CXX_LIBRARY = "libc++";
				CLANG_ENABLE_MODULES = YES;
				CLANG_ENABLE_OBJC_ARC = YES;
				CLANG_ENABLE_OBJC_WEAK = YES;
				CLANG_WARN_BLOCK_CAPTURE_AUTORELEASING = YES;
				CLANG_WARN_BOOL_CONVERSION = YES;
				CLANG_WARN_COMMA = YES;
				CLANG_WARN_CONSTANT_CONVERSION = YES;
				CLANG_WARN_DEPRECATED_OBJC_IMPLEMENTATIONS = YES;
				CLANG_WARN_DIRECT_OBJC_ISA_USAGE = YES_ERROR;
				CLANG_WARN_DOCUMENTATION_COMMENTS = YES;
				CLANG_WARN_EMPTY_BODY = YES;
				CLANG_WARN_ENUM_CONVERSION = YES;
				CLANG_WARN_INFINITE_RECURSION = YES;
				CLANG_WARN_INT_CONVERSION = YES;
				CLANG_WARN_NON_LITERAL_NULL_CONVERSION = YES;
				CLANG_WARN_OBJC_IMPLICIT_RETAIN_SELF = YES;
				CLANG_WARN_OBJC_LITERAL_CONVERSION = YES;
				CLANG_WARN_OBJC_ROOT_CLASS = YES_ERROR;
				CLANG_WARN_QUOTED_INCLUDE_IN_FRAMEWORK_HEADER = YES;
				CLANG_WARN_RANGE_LOOP_ANALYSIS = YES;
				CLANG_WARN_STRICT_PROTOTYPES = YES;
				CLANG_WARN_SUSPICIOUS_MOVE = YES;
				CLANG_WARN_UNGUARDED_AVAILABILITY = YES_AGGRESSIVE;
				CLANG_WARN_UNREACHABLE_CODE = YES;
				CLANG_WARN__DUPLICATE_METHOD_MATCH = YES;
				COPY_PHASE_STRIP = NO;
				DEBUG_INFORMATION_FORMAT = "dwarf-with-dsym";
				ENABLE_NS_ASSERTIONS = NO;
				ENABLE_STRICT_OBJC_MSGSEND = YES;
				GCC_C_LANGUAGE_STANDARD = gnu11;
				GCC_NO_COMMON_BLOCKS = YES;
				GCC_WARN_64_TO_32_BIT_CONVERSION = YES;
				GCC_WARN_ABOUT_RETURN_TYPE = YES_ERROR;
				GCC_WARN_UNDECLARED_SELECTOR = YES;
				GCC_WARN_UNINITIALIZED_AUTOS = YES_AGGRESSIVE;
				GCC_WARN_UNUSED_FUNCTION = YES;
				GCC_WARN_UNUSED_VARIABLE = YES;
				IPHONEOS_DEPLOYMENT_TARGET = 12.0;
				MTL_ENABLE_DEBUG_INFO = NO;
				MTL_FAST_MATH = YES;
				SDKROOT = iphoneos;
				SWIFT_OPTIMIZATION_LEVEL = "-Owholemodule";
				VALIDATE_PRODUCT = YES;
			};
			name = Release;
		};
		DA60A05726DD3AF4004143FC /* Debug */ = {
			isa = XCBuildConfiguration;
			baseConfigurationReference = 9C3351F099FA71799190DB18 /* Pods-nviro.debug.xcconfig */;
			buildSettings = {
				ASSETCATALOG_COMPILER_APPICON_NAME = AppIcon;
				ASSETCATALOG_COMPILER_GLOBAL_ACCENT_COLOR_NAME = AccentColor;
				CODE_SIGN_ENTITLEMENTS = nviro/nviro.entitlements;
				CODE_SIGN_STYLE = Automatic;
				CURRENT_PROJECT_VERSION = 11;
				DEVELOPMENT_TEAM = GD7GT762TS;
				EXCLUDED_ARCHS = "";
				INFOPLIST_FILE = nviro/Resources/Info.plist;
				IPHONEOS_DEPLOYMENT_TARGET = 13.0;
				LD_RUNPATH_SEARCH_PATHS = "$(inherited) @executable_path/Frameworks";
				MARKETING_VERSION = 1.5.1;
				OTHER_LDFLAGS = "";
				PRODUCT_BUNDLE_IDENTIFIER = com.normprojects.nviro;
				PRODUCT_NAME = "$(TARGET_NAME)";
				SWIFT_VERSION = 5.0;
				TARGETED_DEVICE_FAMILY = "1,2";
			};
			name = Debug;
		};
		DA60A05826DD3AF4004143FC /* Release */ = {
			isa = XCBuildConfiguration;
			baseConfigurationReference = F6D267ED33D9D4C2B473FCF1 /* Pods-nviro.release.xcconfig */;
			buildSettings = {
				ASSETCATALOG_COMPILER_APPICON_NAME = AppIcon;
				ASSETCATALOG_COMPILER_GLOBAL_ACCENT_COLOR_NAME = AccentColor;
				CODE_SIGN_ENTITLEMENTS = nviro/nviro.entitlements;
				CODE_SIGN_STYLE = Automatic;
				CURRENT_PROJECT_VERSION = 11;
				DEVELOPMENT_TEAM = GD7GT762TS;
				EXCLUDED_ARCHS = "";
				INFOPLIST_FILE = nviro/Resources/Info.plist;
				IPHONEOS_DEPLOYMENT_TARGET = 13.0;
				LD_RUNPATH_SEARCH_PATHS = "$(inherited) @executable_path/Frameworks";
				MARKETING_VERSION = 1.5.1;
				OTHER_LDFLAGS = "";
				PRODUCT_BUNDLE_IDENTIFIER = com.normprojects.nviro;
				PRODUCT_NAME = "$(TARGET_NAME)";
				SWIFT_VERSION = 5.0;
				TARGETED_DEVICE_FAMILY = "1,2";
			};
			name = Release;
		};
/* End XCBuildConfiguration section */

/* Begin XCConfigurationList section */
		DA60A03A26DD3AF2004143FC /* Build configuration list for PBXProject "nviro" */ = {
			isa = XCConfigurationList;
			buildConfigurations = (
				DA60A05426DD3AF4004143FC /* Debug */,
				DA60A05526DD3AF4004143FC /* Release */,
			);
			defaultConfigurationIsVisible = 0;
			defaultConfigurationName = Release;
		};
		DA60A05626DD3AF4004143FC /* Build configuration list for PBXNativeTarget "nviro" */ = {
			isa = XCConfigurationList;
			buildConfigurations = (
				DA60A05726DD3AF4004143FC /* Debug */,
				DA60A05826DD3AF4004143FC /* Release */,
			);
			defaultConfigurationIsVisible = 0;
			defaultConfigurationName = Release;
		};
/* End XCConfigurationList section */
	};
	rootObject = DA60A03726DD3AF2004143FC /* Project object */;
}
